{
    "requires": true,
    "lockfileVersion": 1,
    "dependencies": {
        "@sbb-esta/angular-core": {
            "version": "11.0.3",
            "resolved": "https://registry.npmjs.org/@sbb-esta/angular-core/-/angular-core-11.0.3.tgz",
            "integrity": "sha512-ogQj+GoqQ/JLAQEpOokYTO14395Gw6nbfd+vmJ/eY3KMsKgNcc396+sDInxL56/5f/xKfUclzWwsBGFfiV/xXg=="
        },
        "@sbb-esta/angular-icons": {
            "version": "11.0.3",
            "resolved": "https://registry.npmjs.org/@sbb-esta/angular-icons/-/angular-icons-11.0.3.tgz",
            "integrity": "sha512-L3+Rd9PrejkJk153Nm4mfIPOaLfxL27DASYRIpQ9aBpzSg1OVAW1SHe5HC5KRxmLX76FcDu435hNG8R7mp/KKQ=="
        },
        "@sbb-esta/angular-public": {
            "version": "11.0.3",
            "resolved": "https://registry.npmjs.org/@sbb-esta/angular-public/-/angular-public-11.0.3.tgz",
            "integrity": "sha512-7FF/AXlnUXS6abHBrgVjbja9neq7d3CtlNmRVTeuO/jqRginxHdFedPymi7V5+IYas/S/6thnAgtYY95BYk9nA==",
            "requires": {
                "@types/grecaptcha": "^2.0.36"
            }
        },
        "@types/grecaptcha": {
            "version": "2.0.36",
            "resolved": "https://registry.npmjs.org/@types/grecaptcha/-/grecaptcha-2.0.36.tgz",
            "integrity": "sha512-SfzcAJPls94/Lz1FznWe6Vm9NLkakhGmk3EO7g2QdkDDR2OU4FH63YILnDpGIU6l7gPnsf5WQ81Kr05JOYAlZw=="
        }
    }
}
